// !$*UTF8*$!
{
	archiveVersion = 1;
	classes = {
	};
	objectVersion = 51;
	objects = {

/* Begin PBXBuildFile section */
		675453D58CE549BD3FABEC60 /* Pods_BookShelf.framework in Frameworks */ = {isa = PBXBuildFile; fileRef = 7F2F7D187A4642A9A32DD48A /* Pods_BookShelf.framework */; };
		690C57F224295927007324F4 /* vid_1.mp4 in Resources */ = {isa = PBXBuildFile; fileRef = 690C57F124295927007324F4 /* vid_1.mp4 */; };
		694181F12423CB11004FC3CA /* Utilities.swift in Sources */ = {isa = PBXBuildFile; fileRef = 694181F02423CB11004FC3CA /* Utilities.swift */; };
		6978C89C24293BAB0083DE84 /* Constants.swift in Sources */ = {isa = PBXBuildFile; fileRef = 6978C89B24293BAB0083DE84 /* Constants.swift */; };
		6978FF5224296E79000FDA32 /* vid_2.mp4 in Resources */ = {isa = PBXBuildFile; fileRef = 6978FF5124296E79000FDA32 /* vid_2.mp4 */; };
		69807ECE2422A6C700810D47 /* AppDelegate.swift in Sources */ = {isa = PBXBuildFile; fileRef = 69807ECD2422A6C700810D47 /* AppDelegate.swift */; };
		69807ED02422A6C700810D47 /* SceneDelegate.swift in Sources */ = {isa = PBXBuildFile; fileRef = 69807ECF2422A6C700810D47 /* SceneDelegate.swift */; };
		69807ED22422A6C700810D47 /* ViewController.swift in Sources */ = {isa = PBXBuildFile; fileRef = 69807ED12422A6C700810D47 /* ViewController.swift */; };
		69807ED52422A6C700810D47 /* Main.storyboard in Resources */ = {isa = PBXBuildFile; fileRef = 69807ED32422A6C700810D47 /* Main.storyboard */; };
		69807ED72422A6CA00810D47 /* Assets.xcassets in Resources */ = {isa = PBXBuildFile; fileRef = 69807ED62422A6CA00810D47 /* Assets.xcassets */; };
		69807EDA2422A6CA00810D47 /* LaunchScreen.storyboard in Resources */ = {isa = PBXBuildFile; fileRef = 69807ED82422A6CA00810D47 /* LaunchScreen.storyboard */; };
		69807EE22422A75C00810D47 /* SignUpViewController.swift in Sources */ = {isa = PBXBuildFile; fileRef = 69807EE12422A75C00810D47 /* SignUpViewController.swift */; };
		69807EE42422A76A00810D47 /* LoginViewController.swift in Sources */ = {isa = PBXBuildFile; fileRef = 69807EE32422A76A00810D47 /* LoginViewController.swift */; };
		69807EE62422A77700810D47 /* HomeViewController.swift in Sources */ = {isa = PBXBuildFile; fileRef = 69807EE52422A77700810D47 /* HomeViewController.swift */; };
		69F7940C2423D86600E104C3 /* GoogleService-Info.plist in Resources */ = {isa = PBXBuildFile; fileRef = 69F7940B2423D86600E104C3 /* GoogleService-Info.plist */; };
/* End PBXBuildFile section */

/* Begin PBXFileReference section */
		1431A034DD0D298481C29669 /* Pods-BookShelf.release.xcconfig */ = {isa = PBXFileReference; includeInIndex = 1; lastKnownFileType = text.xcconfig; name = "Pods-BookShelf.release.xcconfig"; path = "Target Support Files/Pods-BookShelf/Pods-BookShelf.release.xcconfig"; sourceTree = "<group>"; };
		204DC1033427331710C084A9 /* Pods-BookShelf.debug.xcconfig */ = {isa = PBXFileReference; includeInIndex = 1; lastKnownFileType = text.xcconfig; name = "Pods-BookShelf.debug.xcconfig"; path = "Target Support Files/Pods-BookShelf/Pods-BookShelf.debug.xcconfig"; sourceTree = "<group>"; };
		690C57F124295927007324F4 /* vid_1.mp4 */ = {isa = PBXFileReference; lastKnownFileType = file; path = vid_1.mp4; sourceTree = "<group>"; };
		694181F02423CB11004FC3CA /* Utilities.swift */ = {isa = PBXFileReference; fileEncoding = 4; lastKnownFileType = sourcecode.swift; path = Utilities.swift; sourceTree = "<group>"; };
		6978C89B24293BAB0083DE84 /* Constants.swift */ = {isa = PBXFileReference; lastKnownFileType = sourcecode.swift; path = Constants.swift; sourceTree = "<group>"; };
		6978FF5124296E79000FDA32 /* vid_2.mp4 */ = {isa = PBXFileReference; lastKnownFileType = file; path = vid_2.mp4; sourceTree = "<group>"; };
		69807ECA2422A6C700810D47 /* bookshelf..app */ = {isa = PBXFileReference; explicitFileType = wrapper.application; includeInIndex = 0; path = bookshelf..app; sourceTree = BUILT_PRODUCTS_DIR; };
		69807ECD2422A6C700810D47 /* AppDelegate.swift */ = {isa = PBXFileReference; lastKnownFileType = sourcecode.swift; path = AppDelegate.swift; sourceTree = "<group>"; };
		69807ECF2422A6C700810D47 /* SceneDelegate.swift */ = {isa = PBXFileReference; lastKnownFileType = sourcecode.swift; path = SceneDelegate.swift; sourceTree = "<group>"; };
		69807ED12422A6C700810D47 /* ViewController.swift */ = {isa = PBXFileReference; lastKnownFileType = sourcecode.swift; path = ViewController.swift; sourceTree = "<group>"; };
		69807ED42422A6C700810D47 /* Base */ = {isa = PBXFileReference; lastKnownFileType = file.storyboard; name = Base; path = Base.lproj/Main.storyboard; sourceTree = "<group>"; };
		69807ED62422A6CA00810D47 /* Assets.xcassets */ = {isa = PBXFileReference; lastKnownFileType = folder.assetcatalog; path = Assets.xcassets; sourceTree = "<group>"; };
		69807ED92422A6CA00810D47 /* Base */ = {isa = PBXFileReference; lastKnownFileType = file.storyboard; name = Base; path = Base.lproj/LaunchScreen.storyboard; sourceTree = "<group>"; };
		69807EDB2422A6CA00810D47 /* Info.plist */ = {isa = PBXFileReference; lastKnownFileType = text.plist.xml; path = Info.plist; sourceTree = "<group>"; };
		69807EE12422A75C00810D47 /* SignUpViewController.swift */ = {isa = PBXFileReference; lastKnownFileType = sourcecode.swift; path = SignUpViewController.swift; sourceTree = "<group>"; };
		69807EE32422A76A00810D47 /* LoginViewController.swift */ = {isa = PBXFileReference; lastKnownFileType = sourcecode.swift; path = LoginViewController.swift; sourceTree = "<group>"; };
		69807EE52422A77700810D47 /* HomeViewController.swift */ = {isa = PBXFileReference; lastKnownFileType = sourcecode.swift; path = HomeViewController.swift; sourceTree = "<group>"; };
		69F7940B2423D86600E104C3 /* GoogleService-Info.plist */ = {isa = PBXFileReference; fileEncoding = 4; lastKnownFileType = text.plist.xml; path = "GoogleService-Info.plist"; sourceTree = "<group>"; };
		7F2F7D187A4642A9A32DD48A /* Pods_BookShelf.framework */ = {isa = PBXFileReference; explicitFileType = wrapper.framework; includeInIndex = 0; path = Pods_BookShelf.framework; sourceTree = BUILT_PRODUCTS_DIR; };
/* End PBXFileReference section */

/* Begin PBXFrameworksBuildPhase section */
		69807EC72422A6C700810D47 /* Frameworks */ = {
			isa = PBXFrameworksBuildPhase;
			buildActionMask = 2147483647;
			files = (
				675453D58CE549BD3FABEC60 /* Pods_BookShelf.framework in Frameworks */,
			);
			runOnlyForDeploymentPostprocessing = 0;
		};
/* End PBXFrameworksBuildPhase section */

/* Begin PBXGroup section */
		690C57F024295912007324F4 /* Media */ = {
			isa = PBXGroup;
			children = (
				690C57F124295927007324F4 /* vid_1.mp4 */,
				6978FF5124296E79000FDA32 /* vid_2.mp4 */,
			);
			path = Media;
			sourceTree = "<group>";
		};
		694181F22423CB15004FC3CA /* Helpers */ = {
			isa = PBXGroup;
			children = (
				694181F02423CB11004FC3CA /* Utilities.swift */,
				6978C89B24293BAB0083DE84 /* Constants.swift */,
			);
			path = Helpers;
			sourceTree = "<group>";
		};
		69807EC12422A6C700810D47 = {
			isa = PBXGroup;
			children = (
				69807ECC2422A6C700810D47 /* BookShelf */,
				69807ECB2422A6C700810D47 /* Products */,
				A2F00399AE7DF4B51BDAAC45 /* Pods */,
				83A31260DA0D06177C54899C /* Frameworks */,
			);
			sourceTree = "<group>";
		};
		69807ECB2422A6C700810D47 /* Products */ = {
			isa = PBXGroup;
			children = (
				69807ECA2422A6C700810D47 /* bookshelf..app */,
			);
			name = Products;
			sourceTree = "<group>";
		};
		69807ECC2422A6C700810D47 /* BookShelf */ = {
			isa = PBXGroup;
			children = (
				69807ECD2422A6C700810D47 /* AppDelegate.swift */,
				69807ECF2422A6C700810D47 /* SceneDelegate.swift */,
				694181F22423CB15004FC3CA /* Helpers */,
				69807EE72422A78800810D47 /* View Controllers */,
				690C57F024295912007324F4 /* Media */,
				69807ED32422A6C700810D47 /* Main.storyboard */,
				69807ED62422A6CA00810D47 /* Assets.xcassets */,
				69807ED82422A6CA00810D47 /* LaunchScreen.storyboard */,
				69F7940B2423D86600E104C3 /* GoogleService-Info.plist */,
				69807EDB2422A6CA00810D47 /* Info.plist */,
			);
			path = BookShelf;
			sourceTree = "<group>";
		};
		69807EE72422A78800810D47 /* View Controllers */ = {
			isa = PBXGroup;
			children = (
				69807ED12422A6C700810D47 /* ViewController.swift */,
				69807EE12422A75C00810D47 /* SignUpViewController.swift */,
				69807EE32422A76A00810D47 /* LoginViewController.swift */,
				69807EE52422A77700810D47 /* HomeViewController.swift */,
			);
			path = "View Controllers";
			sourceTree = "<group>";
		};
		83A31260DA0D06177C54899C /* Frameworks */ = {
			isa = PBXGroup;
			children = (
				7F2F7D187A4642A9A32DD48A /* Pods_BookShelf.framework */,
			);
			name = Frameworks;
			sourceTree = "<group>";
		};
		A2F00399AE7DF4B51BDAAC45 /* Pods */ = {
			isa = PBXGroup;
			children = (
				204DC1033427331710C084A9 /* Pods-BookShelf.debug.xcconfig */,
				1431A034DD0D298481C29669 /* Pods-BookShelf.release.xcconfig */,
			);
			path = Pods;
			sourceTree = "<group>";
		};
/* End PBXGroup section */

/* Begin PBXNativeTarget section */
		69807EC92422A6C700810D47 /* BookShelf */ = {
			isa = PBXNativeTarget;
			buildConfigurationList = 69807EDE2422A6CA00810D47 /* Build configuration list for PBXNativeTarget "BookShelf" */;
			buildPhases = (
				0C6AE311E5290E46AAD245A1 /* [CP] Check Pods Manifest.lock */,
				69807EC62422A6C700810D47 /* Sources */,
				69807EC72422A6C700810D47 /* Frameworks */,
				69807EC82422A6C700810D47 /* Resources */,
				54955CE17C549DDC4D55A77F /* [CP] Embed Pods Frameworks */,
			);
			buildRules = (
			);
			dependencies = (
			);
			name = BookShelf;
			productName = BookShelf;
			productReference = 69807ECA2422A6C700810D47 /* bookshelf..app */;
			productType = "com.apple.product-type.application";
		};
/* End PBXNativeTarget section */

/* Begin PBXProject section */
		69807EC22422A6C700810D47 /* Project object */ = {
			isa = PBXProject;
			attributes = {
				LastSwiftUpdateCheck = 1130;
				LastUpgradeCheck = 1130;
				ORGANIZATIONNAME = "Make School";
				TargetAttributes = {
					69807EC92422A6C700810D47 = {
						CreatedOnToolsVersion = 11.3.1;
					};
				};
			};
			buildConfigurationList = 69807EC52422A6C700810D47 /* Build configuration list for PBXProject "BookShelf" */;
			compatibilityVersion = "Xcode 9.3";
			developmentRegion = en;
			hasScannedForEncodings = 0;
			knownRegions = (
				en,
				Base,
			);
			mainGroup = 69807EC12422A6C700810D47;
			productRefGroup = 69807ECB2422A6C700810D47 /* Products */;
			projectDirPath = "";
			projectRoot = "";
			targets = (
				69807EC92422A6C700810D47 /* BookShelf */,
			);
		};
/* End PBXProject section */

/* Begin PBXResourcesBuildPhase section */
		69807EC82422A6C700810D47 /* Resources */ = {
			isa = PBXResourcesBuildPhase;
			buildActionMask = 2147483647;
			files = (
				690C57F224295927007324F4 /* vid_1.mp4 in Resources */,
				69807EDA2422A6CA00810D47 /* LaunchScreen.storyboard in Resources */,
				69F7940C2423D86600E104C3 /* GoogleService-Info.plist in Resources */,
				69807ED72422A6CA00810D47 /* Assets.xcassets in Resources */,
				6978FF5224296E79000FDA32 /* vid_2.mp4 in Resources */,
				69807ED52422A6C700810D47 /* Main.storyboard in Resources */,
			);
			runOnlyForDeploymentPostprocessing = 0;
		};
/* End PBXResourcesBuildPhase section */

/* Begin PBXShellScriptBuildPhase section */
		0C6AE311E5290E46AAD245A1 /* [CP] Check Pods Manifest.lock */ = {
			isa = PBXShellScriptBuildPhase;
			buildActionMask = 2147483647;
			files = (
			);
			inputFileListPaths = (
			);
			inputPaths = (
				"${PODS_PODFILE_DIR_PATH}/Podfile.lock",
				"${PODS_ROOT}/Manifest.lock",
			);
			name = "[CP] Check Pods Manifest.lock";
			outputFileListPaths = (
			);
			outputPaths = (
				"$(DERIVED_FILE_DIR)/Pods-BookShelf-checkManifestLockResult.txt",
			);
			runOnlyForDeploymentPostprocessing = 0;
			shellPath = /bin/sh;
			shellScript = "diff \"${PODS_PODFILE_DIR_PATH}/Podfile.lock\" \"${PODS_ROOT}/Manifest.lock\" > /dev/null\nif [ $? != 0 ] ; then\n    # print error to STDERR\n    echo \"error: The sandbox is not in sync with the Podfile.lock. Run 'pod install' or update your CocoaPods installation.\" >&2\n    exit 1\nfi\n# This output is used by Xcode 'outputs' to avoid re-running this script phase.\necho \"SUCCESS\" > \"${SCRIPT_OUTPUT_FILE_0}\"\n";
			showEnvVarsInLog = 0;
		};
		54955CE17C549DDC4D55A77F /* [CP] Embed Pods Frameworks */ = {
			isa = PBXShellScriptBuildPhase;
			buildActionMask = 2147483647;
			files = (
			);
			inputFileListPaths = (
				"${PODS_ROOT}/Target Support Files/Pods-BookShelf/Pods-BookShelf-frameworks-${CONFIGURATION}-input-files.xcfilelist",
			);
			name = "[CP] Embed Pods Frameworks";
			outputFileListPaths = (
				"${PODS_ROOT}/Target Support Files/Pods-BookShelf/Pods-BookShelf-frameworks-${CONFIGURATION}-output-files.xcfilelist",
			);
			runOnlyForDeploymentPostprocessing = 0;
			shellPath = /bin/sh;
			shellScript = "\"${PODS_ROOT}/Target Support Files/Pods-BookShelf/Pods-BookShelf-frameworks.sh\"\n";
			showEnvVarsInLog = 0;
		};
/* End PBXShellScriptBuildPhase section */

/* Begin PBXSourcesBuildPhase section */
		69807EC62422A6C700810D47 /* Sources */ = {
			isa = PBXSourcesBuildPhase;
			buildActionMask = 2147483647;
			files = (
				69807ED22422A6C700810D47 /* ViewController.swift in Sources */,
				69807ECE2422A6C700810D47 /* AppDelegate.swift in Sources */,
				694181F12423CB11004FC3CA /* Utilities.swift in Sources */,
				69807EE22422A75C00810D47 /* SignUpViewController.swift in Sources */,
				69807EE42422A76A00810D47 /* LoginViewController.swift in Sources */,
				69807ED02422A6C700810D47 /* SceneDelegate.swift in Sources */,
				69807EE62422A77700810D47 /* HomeViewController.swift in Sources */,
				6978C89C24293BAB0083DE84 /* Constants.swift in Sources */,
			);
			runOnlyForDeploymentPostprocessing = 0;
		};
/* End PBXSourcesBuildPhase section */

/* Begin PBXVariantGroup section */
		69807ED32422A6C700810D47 /* Main.storyboard */ = {
			isa = PBXVariantGroup;
			children = (
				69807ED42422A6C700810D47 /* Base */,
			);
			name = Main.storyboard;
			sourceTree = "<group>";
		};
		69807ED82422A6CA00810D47 /* LaunchScreen.storyboard */ = {
			isa = PBXVariantGroup;
			children = (
				69807ED92422A6CA00810D47 /* Base */,
			);
			name = LaunchScreen.storyboard;
			sourceTree = "<group>";
		};
/* End PBXVariantGroup section */

/* Begin XCBuildConfiguration section */
		69807EDC2422A6CA00810D47 /* Debug */ = {
			isa = XCBuildConfiguration;
			buildSettings = {
				ALWAYS_SEARCH_USER_PATHS = NO;
				CLANG_ANALYZER_NONNULL = YES;
				CLANG_ANALYZER_NUMBER_OBJECT_CONVERSION = YES_AGGRESSIVE;
				CLANG_CXX_LANGUAGE_STANDARD = "gnu++14";
				CLANG_CXX_LIBRARY = "libc++";
				CLANG_ENABLE_MODULES = YES;
				CLANG_ENABLE_OBJC_ARC = YES;
				CLANG_ENABLE_OBJC_WEAK = YES;
				CLANG_WARN_BLOCK_CAPTURE_AUTORELEASING = YES;
				CLANG_WARN_BOOL_CONVERSION = YES;
				CLANG_WARN_COMMA = YES;
				CLANG_WARN_CONSTANT_CONVERSION = YES;
				CLANG_WARN_DEPRECATED_OBJC_IMPLEMENTATIONS = YES;
				CLANG_WARN_DIRECT_OBJC_ISA_USAGE = YES_ERROR;
				CLANG_WARN_DOCUMENTATION_COMMENTS = YES;
				CLANG_WARN_EMPTY_BODY = YES;
				CLANG_WARN_ENUM_CONVERSION = YES;
				CLANG_WARN_INFINITE_RECURSION = YES;
				CLANG_WARN_INT_CONVERSION = YES;
				CLANG_WARN_NON_LITERAL_NULL_CONVERSION = YES;
				CLANG_WARN_OBJC_IMPLICIT_RETAIN_SELF = YES;
				CLANG_WARN_OBJC_LITERAL_CONVERSION = YES;
				CLANG_WARN_OBJC_ROOT_CLASS = YES_ERROR;
				CLANG_WARN_RANGE_LOOP_ANALYSIS = YES;
				CLANG_WARN_STRICT_PROTOTYPES = YES;
				CLANG_WARN_SUSPICIOUS_MOVE = YES;
				CLANG_WARN_UNGUARDED_AVAILABILITY = YES_AGGRESSIVE;
				CLANG_WARN_UNREACHABLE_CODE = YES;
				CLANG_WARN__DUPLICATE_METHOD_MATCH = YES;
				COPY_PHASE_STRIP = NO;
				DEBUG_INFORMATION_FORMAT = dwarf;
				ENABLE_STRICT_OBJC_MSGSEND = YES;
				ENABLE_TESTABILITY = YES;
				GCC_C_LANGUAGE_STANDARD = gnu11;
				GCC_DYNAMIC_NO_PIC = NO;
				GCC_NO_COMMON_BLOCKS = YES;
				GCC_OPTIMIZATION_LEVEL = 0;
				GCC_PREPROCESSOR_DEFINITIONS = (
					"DEBUG=1",
					"$(inherited)",
				);
				GCC_WARN_64_TO_32_BIT_CONVERSION = YES;
				GCC_WARN_ABOUT_RETURN_TYPE = YES_ERROR;
				GCC_WARN_UNDECLARED_SELECTOR = YES;
				GCC_WARN_UNINITIALIZED_AUTOS = YES_AGGRESSIVE;
				GCC_WARN_UNUSED_FUNCTION = YES;
				GCC_WARN_UNUSED_VARIABLE = YES;
				IPHONEOS_DEPLOYMENT_TARGET = 13.2;
				MTL_ENABLE_DEBUG_INFO = INCLUDE_SOURCE;
				MTL_FAST_MATH = YES;
				ONLY_ACTIVE_ARCH = YES;
				SDKROOT = iphoneos;
				SWIFT_ACTIVE_COMPILATION_CONDITIONS = DEBUG;
				SWIFT_OPTIMIZATION_LEVEL = "-Onone";
			};
			name = Debug;
		};
		69807EDD2422A6CA00810D47 /* Release */ = {
			isa = XCBuildConfiguration;
			buildSettings = {
				ALWAYS_SEARCH_USER_PATHS = NO;
				CLANG_ANALYZER_NONNULL = YES;
				CLANG_ANALYZER_NUMBER_OBJECT_CONVERSION = YES_AGGRESSIVE;
				CLANG_CXX_LANGUAGE_STANDARD = "gnu++14";
				CLANG_CXX_LIBRARY = "libc++";
				CLANG_ENABLE_MODULES = YES;
				CLANG_ENABLE_OBJC_ARC = YES;
				CLANG_ENABLE_OBJC_WEAK = YES;
				CLANG_WARN_BLOCK_CAPTURE_AUTORELEASING = YES;
				CLANG_WARN_BOOL_CONVERSION = YES;
				CLANG_WARN_COMMA = YES;
				CLANG_WARN_CONSTANT_CONVERSION = YES;
				CLANG_WARN_DEPRECATED_OBJC_IMPLEMENTATIONS = YES;
				CLANG_WARN_DIRECT_OBJC_ISA_USAGE = YES_ERROR;
				CLANG_WARN_DOCUMENTATION_COMMENTS = YES;
				CLANG_WARN_EMPTY_BODY = YES;
				CLANG_WARN_ENUM_CONVERSION = YES;
				CLANG_WARN_INFINITE_RECURSION = YES;
				CLANG_WARN_INT_CONVERSION = YES;
				CLANG_WARN_NON_LITERAL_NULL_CONVERSION = YES;
				CLANG_WARN_OBJC_IMPLICIT_RETAIN_SELF = YES;
				CLANG_WARN_OBJC_LITERAL_CONVERSION = YES;
				CLANG_WARN_OBJC_ROOT_CLASS = YES_ERROR;
				CLANG_WARN_RANGE_LOOP_ANALYSIS = YES;
				CLANG_WARN_STRICT_PROTOTYPES = YES;
				CLANG_WARN_SUSPICIOUS_MOVE = YES;
				CLANG_WARN_UNGUARDED_AVAILABILITY = YES_AGGRESSIVE;
				CLANG_WARN_UNREACHABLE_CODE = YES;
				CLANG_WARN__DUPLICATE_METHOD_MATCH = YES;
				COPY_PHASE_STRIP = NO;
				DEBUG_INFORMATION_FORMAT = "dwarf-with-dsym";
				ENABLE_NS_ASSERTIONS = NO;
				ENABLE_STRICT_OBJC_MSGSEND = YES;
				GCC_C_LANGUAGE_STANDARD = gnu11;
				GCC_NO_COMMON_BLOCKS = YES;
				GCC_WARN_64_TO_32_BIT_CONVERSION = YES;
				GCC_WARN_ABOUT_RETURN_TYPE = YES_ERROR;
				GCC_WARN_UNDECLARED_SELECTOR = YES;
				GCC_WARN_UNINITIALIZED_AUTOS = YES_AGGRESSIVE;
				GCC_WARN_UNUSED_FUNCTION = YES;
				GCC_WARN_UNUSED_VARIABLE = YES;
				IPHONEOS_DEPLOYMENT_TARGET = 13.2;
				MTL_ENABLE_DEBUG_INFO = NO;
				MTL_FAST_MATH = YES;
				SDKROOT = iphoneos;
				SWIFT_COMPILATION_MODE = wholemodule;
				SWIFT_OPTIMIZATION_LEVEL = "-O";
				VALIDATE_PRODUCT = YES;
			};
			name = Release;
		};
		69807EDF2422A6CA00810D47 /* Debug */ = {
			isa = XCBuildConfiguration;
			baseConfigurationReference = 204DC1033427331710C084A9 /* Pods-BookShelf.debug.xcconfig */;
			buildSettings = {
				ASSETCATALOG_COMPILER_APPICON_NAME = AppIcon;
				CODE_SIGN_STYLE = Automatic;
				DEVELOPMENT_TEAM = 82XFXXMLRJ;
				INFOPLIST_FILE = BookShelf/Info.plist;
				LD_RUNPATH_SEARCH_PATHS = (
					"$(inherited)",
					"@executable_path/Frameworks",
				);
				PRODUCT_BUNDLE_IDENTIFIER = com.chelseacastelli.BookShelf;
				PRODUCT_NAME = bookshelf.;
				SWIFT_VERSION = 5.0;
				TARGETED_DEVICE_FAMILY = "1,2";
			};
			name = Debug;
		};
		69807EE02422A6CA00810D47 /* Release */ = {
			isa = XCBuildConfiguration;
			baseConfigurationReference = 1431A034DD0D298481C29669 /* Pods-BookShelf.release.xcconfig */;
			buildSettings = {
				ASSETCATALOG_COMPILER_APPICON_NAME = AppIcon;
				CODE_SIGN_STYLE = Automatic;
				DEVELOPMENT_TEAM = 82XFXXMLRJ;
				INFOPLIST_FILE = BookShelf/Info.plist;
				LD_RUNPATH_SEARCH_PATHS = (
					"$(inherited)",
					"@executable_path/Frameworks",
				);
				PRODUCT_BUNDLE_IDENTIFIER = com.chelseacastelli.BookShelf;
				PRODUCT_NAME = bookshelf.;
				SWIFT_VERSION = 5.0;
				TARGETED_DEVICE_FAMILY = "1,2";
			};
			name = Release;
		};
/* End XCBuildConfiguration section */

/* Begin XCConfigurationList section */
		69807EC52422A6C700810D47 /* Build configuration list for PBXProject "BookShelf" */ = {
			isa = XCConfigurationList;
			buildConfigurations = (
				69807EDC2422A6CA00810D47 /* Debug */,
				69807EDD2422A6CA00810D47 /* Release */,
			);
			defaultConfigurationIsVisible = 0;
			defaultConfigurationName = Release;
		};
		69807EDE2422A6CA00810D47 /* Build configuration list for PBXNativeTarget "BookShelf" */ = {
			isa = XCConfigurationList;
			buildConfigurations = (
				69807EDF2422A6CA00810D47 /* Debug */,
				69807EE02422A6CA00810D47 /* Release */,
			);
			defaultConfigurationIsVisible = 0;
			defaultConfigurationName = Release;
		};
/* End XCConfigurationList section */
	};
	rootObject = 69807EC22422A6C700810D47 /* Project object */;
}
